
Microsoft Visual Studio Solution File, Format Version 12.00
# Visual Studio Version 17
VisualStudioVersion = 17.3.32922.545
MinimumVisualStudioVersion = 10.0.40219.1
Project("{FAE04EC0-301F-11D3-BF4B-00C04F79EFBC}") = "MultiVerse", "MultiVerse.csproj", "{298B056D-CC80-49EB-BE03-A05139146B23}"
EndProject
Global
	GlobalSection(SolutionConfigurationPlatforms) = preSolution
		Debug|Any CPU = Debug|Any CPU
		Release|Any CPU = Release|Any CPU
	EndGlobalSection
	GlobalSection(ProjectConfigurationPlatforms) = postSolution
		{298B056D-CC80-49EB-BE03-A05139146B23}.Debug|Any CPU.ActiveCfg = Debug|Any CPU
		{298B056D-CC80-49EB-BE03-A05139146B23}.Debug|Any CPU.Build.0 = Debug|Any CPU
		{298B056D-CC80-49EB-BE03-A05139146B23}.Release|Any CPU.ActiveCfg = Release|Any CPU
		{298B056D-CC80-49EB-BE03-A05139146B23}.Release|Any CPU.Build.0 = Release|Any CPU
	EndGlobalSection
	GlobalSection(SolutionProperties) = preSolution
		HideSolutionNode = FALSE
	EndGlobalSection
	GlobalSection(ExtensibilityGlobals) = postSolution
		SolutionGuid = {D75D2D3B-7AC0-4494-BE69-FF471A517965}
	EndGlobalSection
EndGlobal
